// !$*UTF8*$!
{
	archiveVersion = 1;
	classes = {
	};
	objectVersion = 46;
	objects = {

/* Begin PBXBuildFile section */
		2C0B1C99183DF3E300FE8990 /* Base.m in Sources */ = {isa = PBXBuildFile; fileRef = 2C0B1C7C183DF3E300FE8990 /* Base.m */; };
		2C0B1C9A183DF3E300FE8990 /* MultiLevelSubtype.m in Sources */ = {isa = PBXBuildFile; fileRef = 2C0B1C7F183DF3E300FE8990 /* MultiLevelSubtype.m */; };
		2C0B1C9B183DF3E300FE8990 /* PolymorphicType.m in Sources */ = {isa = PBXBuildFile; fileRef = 2C0B1C82183DF3E300FE8990 /* PolymorphicType.m */; };
		2C0B1C9C183DF3E300FE8990 /* Subtype.m in Sources */ = {isa = PBXBuildFile; fileRef = 2C0B1C85183DF3E300FE8990 /* Subtype.m */; };
		2C0B1C9D183DF3E300FE8990 /* Subtype2.m in Sources */ = {isa = PBXBuildFile; fileRef = 2C0B1C87183DF3E300FE8990 /* Subtype2.m */; };
		2C0B1C9E183DF3E300FE8990 /* TestComplexMessage.m in Sources */ = {isa = PBXBuildFile; fileRef = 2C0B1C8B183DF3E300FE8990 /* TestComplexMessage.m */; };
		2C0B1C9F183DF3E300FE8990 /* TestEnum.m in Sources */ = {isa = PBXBuildFile; fileRef = 2C0B1C8E183DF3E300FE8990 /* TestEnum.m */; };
		2C0B1CA0183DF3E300FE8990 /* TestException.m in Sources */ = {isa = PBXBuildFile; fileRef = 2C0B1C91183DF3E300FE8990 /* TestException.m */; };
		2C0B1CA1183DF3E300FE8990 /* TestInterface.m in Sources */ = {isa = PBXBuildFile; fileRef = 2C0B1C94183DF3E300FE8990 /* TestInterface.m */; };
		2C0B1CA2183DF3E300FE8990 /* TestMessage.m in Sources */ = {isa = PBXBuildFile; fileRef = 2C0B1C97183DF3E300FE8990 /* TestMessage.m */; };
		2C2600F2183A503100198BFF /* Cocoa.framework in Frameworks */ = {isa = PBXBuildFile; fileRef = 2C2600F1183A503100198BFF /* Cocoa.framework */; };
		2C2600FC183A503100198BFF /* InfoPlist.strings in Resources */ = {isa = PBXBuildFile; fileRef = 2C2600FA183A503100198BFF /* InfoPlist.strings */; };
		2C260127183A53E400198BFF /* PDDescriptors.h in Headers */ = {isa = PBXBuildFile; fileRef = 2C260125183A53E400198BFF /* PDDescriptors.h */; };
		2C260128183A53E400198BFF /* PDDescriptors.m in Sources */ = {isa = PBXBuildFile; fileRef = 2C260126183A53E400198BFF /* PDDescriptors.m */; };
		2C7A3712183E4B1500A79538 /* PDInterfaceTests.m in Sources */ = {isa = PBXBuildFile; fileRef = 2C7A3711183E4B1500A79538 /* PDInterfaceTests.m */; };
		2CDC3295183D1BC000C7CEBE /* XCTest.framework in Frameworks */ = {isa = PBXBuildFile; fileRef = 2C260106183A503100198BFF /* XCTest.framework */; };
		2CDC329B183D1BC000C7CEBE /* InfoPlist.strings in Resources */ = {isa = PBXBuildFile; fileRef = 2CDC3299183D1BC000C7CEBE /* InfoPlist.strings */; };
		2CDC32A6183D1BD100C7CEBE /* PDDescriptorsTests.m in Sources */ = {isa = PBXBuildFile; fileRef = 2CDC32A4183D1BD100C7CEBE /* PDDescriptorsTests.m */; };
		2CDC32A8183D1D0600C7CEBE /* PDDescriptors.m in Sources */ = {isa = PBXBuildFile; fileRef = 2C260126183A53E400198BFF /* PDDescriptors.m */; };
		2CDC32A9183D1D0E00C7CEBE /* PDMessage.m in Sources */ = {isa = PBXBuildFile; fileRef = 31821A999F0F543201E45CCC /* PDMessage.m */; };
		2CDC32AB183D1D5800C7CEBE /* PDGeneratedGescriptorsTests.m in Sources */ = {isa = PBXBuildFile; fileRef = 2CDC32AA183D1D5800C7CEBE /* PDGeneratedGescriptorsTests.m */; };
		318210BF423CF278DA2ADAB3 /* PDInterface.h in Headers */ = {isa = PBXBuildFile; fileRef = 3182160D52DE7B1E1B4301F7 /* PDInterface.h */; };
		3182133E3B6A2469276DD4E2 /* PDInvocation.h in Headers */ = {isa = PBXBuildFile; fileRef = 3182140773F57D2026D2205C /* PDInvocation.h */; };
		3182137D681AB7C8F90E4C2C /* PDGeneratedMessageTests.m in Sources */ = {isa = PBXBuildFile; fileRef = 31821BBCF6670F2B448322CD /* PDGeneratedMessageTests.m */; };
		318213FC88C2C93D9A2E47D2 /* PDInvocationTests.m in Sources */ = {isa = PBXBuildFile; fileRef = 318213E8278002BF00C549D4 /* PDInvocationTests.m */; };
		31821412C9CCA7333247AB7D /* PDInterface.m in Sources */ = {isa = PBXBuildFile; fileRef = 31821D2F97CBB2625E2463B2 /* PDInterface.m */; };
		31821559BEE106E85D076E2E /* PDInvocation.m in Sources */ = {isa = PBXBuildFile; fileRef = 31821F20AF2A3CC1668560CC /* PDInvocation.m */; };
		3182174F2C74FFB04A097F9A /* PDInvocationHandler.h in Headers */ = {isa = PBXBuildFile; fileRef = 31821E4EBECCCE6BACE51F9B /* PDInvocationHandler.h */; };
		3182184EF5B9F248362B8A53 /* PDef.h in Headers */ = {isa = PBXBuildFile; fileRef = 31821DE02C1067510CA7C5C0 /* PDef.h */; };
		31821A94CC9AA5A943FA7698 /* PDInterface.m in Sources */ = {isa = PBXBuildFile; fileRef = 31821D2F97CBB2625E2463B2 /* PDInterface.m */; };
		31821CF3AF6001850176F47B /* PDInvocation.m in Sources */ = {isa = PBXBuildFile; fileRef = 31821F20AF2A3CC1668560CC /* PDInvocation.m */; };
		31821D1C6EC373B95848619A /* PDMessage.m in Sources */ = {isa = PBXBuildFile; fileRef = 31821A999F0F543201E45CCC /* PDMessage.m */; };
		31821DDBE78ACC5D6886D19F /* PDMessage.h in Headers */ = {isa = PBXBuildFile; fileRef = 31821DB8BF9E84D48AFE3799 /* PDMessage.h */; };
/* End PBXBuildFile section */

/* Begin PBXContainerItemProxy section */
		2CDC329F183D1BC000C7CEBE /* PBXContainerItemProxy */ = {
			isa = PBXContainerItemProxy;
			containerPortal = 2C2600E5183A503100198BFF /* Project object */;
			proxyType = 1;
			remoteGlobalIDString = 2C2600ED183A503100198BFF;
			remoteInfo = PdefObjc;
		};
/* End PBXContainerItemProxy section */

/* Begin PBXFileReference section */
		2C0B1C7B183DF3E300FE8990 /* Base.h */ = {isa = PBXFileReference; fileEncoding = 4; lastKnownFileType = sourcecode.c.h; path = Base.h; sourceTree = "<group>"; };
		2C0B1C7C183DF3E300FE8990 /* Base.m */ = {isa = PBXFileReference; fileEncoding = 4; lastKnownFileType = sourcecode.c.objc; path = Base.m; sourceTree = "<group>"; };
		2C0B1C7E183DF3E300FE8990 /* MultiLevelSubtype.h */ = {isa = PBXFileReference; fileEncoding = 4; lastKnownFileType = sourcecode.c.h; path = MultiLevelSubtype.h; sourceTree = "<group>"; };
		2C0B1C7F183DF3E300FE8990 /* MultiLevelSubtype.m */ = {isa = PBXFileReference; fileEncoding = 4; lastKnownFileType = sourcecode.c.objc; path = MultiLevelSubtype.m; sourceTree = "<group>"; };
		2C0B1C81183DF3E300FE8990 /* PolymorphicType.h */ = {isa = PBXFileReference; fileEncoding = 4; lastKnownFileType = sourcecode.c.h; path = PolymorphicType.h; sourceTree = "<group>"; };
		2C0B1C82183DF3E300FE8990 /* PolymorphicType.m */ = {isa = PBXFileReference; fileEncoding = 4; lastKnownFileType = sourcecode.c.objc; path = PolymorphicType.m; sourceTree = "<group>"; };
		2C0B1C84183DF3E300FE8990 /* Subtype.h */ = {isa = PBXFileReference; fileEncoding = 4; lastKnownFileType = sourcecode.c.h; path = Subtype.h; sourceTree = "<group>"; };
		2C0B1C85183DF3E300FE8990 /* Subtype.m */ = {isa = PBXFileReference; fileEncoding = 4; lastKnownFileType = sourcecode.c.objc; path = Subtype.m; sourceTree = "<group>"; };
		2C0B1C86183DF3E300FE8990 /* Subtype2.h */ = {isa = PBXFileReference; fileEncoding = 4; lastKnownFileType = sourcecode.c.h; path = Subtype2.h; sourceTree = "<group>"; };
		2C0B1C87183DF3E300FE8990 /* Subtype2.m */ = {isa = PBXFileReference; fileEncoding = 4; lastKnownFileType = sourcecode.c.objc; path = Subtype2.m; sourceTree = "<group>"; };
		2C0B1C8A183DF3E300FE8990 /* TestComplexMessage.h */ = {isa = PBXFileReference; fileEncoding = 4; lastKnownFileType = sourcecode.c.h; path = TestComplexMessage.h; sourceTree = "<group>"; };
		2C0B1C8B183DF3E300FE8990 /* TestComplexMessage.m */ = {isa = PBXFileReference; fileEncoding = 4; lastKnownFileType = sourcecode.c.objc; path = TestComplexMessage.m; sourceTree = "<group>"; };
		2C0B1C8D183DF3E300FE8990 /* TestEnum.h */ = {isa = PBXFileReference; fileEncoding = 4; lastKnownFileType = sourcecode.c.h; path = TestEnum.h; sourceTree = "<group>"; };
		2C0B1C8E183DF3E300FE8990 /* TestEnum.m */ = {isa = PBXFileReference; fileEncoding = 4; lastKnownFileType = sourcecode.c.objc; path = TestEnum.m; sourceTree = "<group>"; };
		2C0B1C90183DF3E300FE8990 /* TestException.h */ = {isa = PBXFileReference; fileEncoding = 4; lastKnownFileType = sourcecode.c.h; path = TestException.h; sourceTree = "<group>"; };
		2C0B1C91183DF3E300FE8990 /* TestException.m */ = {isa = PBXFileReference; fileEncoding = 4; lastKnownFileType = sourcecode.c.objc; path = TestException.m; sourceTree = "<group>"; };
		2C0B1C93183DF3E300FE8990 /* TestInterface.h */ = {isa = PBXFileReference; fileEncoding = 4; lastKnownFileType = sourcecode.c.h; path = TestInterface.h; sourceTree = "<group>"; };
		2C0B1C94183DF3E300FE8990 /* TestInterface.m */ = {isa = PBXFileReference; fileEncoding = 4; lastKnownFileType = sourcecode.c.objc; path = TestInterface.m; sourceTree = "<group>"; };
		2C0B1C96183DF3E300FE8990 /* TestMessage.h */ = {isa = PBXFileReference; fileEncoding = 4; lastKnownFileType = sourcecode.c.h; path = TestMessage.h; sourceTree = "<group>"; };
		2C0B1C97183DF3E300FE8990 /* TestMessage.m */ = {isa = PBXFileReference; fileEncoding = 4; lastKnownFileType = sourcecode.c.objc; path = TestMessage.m; sourceTree = "<group>"; };
		2C2600F1183A503100198BFF /* Cocoa.framework */ = {isa = PBXFileReference; lastKnownFileType = wrapper.framework; name = Cocoa.framework; path = System/Library/Frameworks/Cocoa.framework; sourceTree = SDKROOT; };
		2C2600F4183A503100198BFF /* Foundation.framework */ = {isa = PBXFileReference; lastKnownFileType = wrapper.framework; name = Foundation.framework; path = System/Library/Frameworks/Foundation.framework; sourceTree = SDKROOT; };
		2C2600F5183A503100198BFF /* CoreData.framework */ = {isa = PBXFileReference; lastKnownFileType = wrapper.framework; name = CoreData.framework; path = System/Library/Frameworks/CoreData.framework; sourceTree = SDKROOT; };
		2C2600F6183A503100198BFF /* AppKit.framework */ = {isa = PBXFileReference; lastKnownFileType = wrapper.framework; name = AppKit.framework; path = System/Library/Frameworks/AppKit.framework; sourceTree = SDKROOT; };
		2C2600FB183A503100198BFF /* en */ = {isa = PBXFileReference; lastKnownFileType = text.plist.strings; name = en; path = en.lproj/InfoPlist.strings; sourceTree = "<group>"; };
		2C260106183A503100198BFF /* XCTest.framework */ = {isa = PBXFileReference; lastKnownFileType = wrapper.framework; name = XCTest.framework; path = Library/Frameworks/XCTest.framework; sourceTree = DEVELOPER_DIR; };
		2C260125183A53E400198BFF /* PDDescriptors.h */ = {isa = PBXFileReference; fileEncoding = 4; lastKnownFileType = sourcecode.c.h; path = PDDescriptors.h; sourceTree = "<group>"; };
		2C260126183A53E400198BFF /* PDDescriptors.m */ = {isa = PBXFileReference; fileEncoding = 4; lastKnownFileType = sourcecode.c.objc; path = PDDescriptors.m; sourceTree = "<group>"; };
		2C7A3711183E4B1500A79538 /* PDInterfaceTests.m */ = {isa = PBXFileReference; fileEncoding = 4; lastKnownFileType = sourcecode.c.objc; path = PDInterfaceTests.m; sourceTree = "<group>"; };
		2CDC3294183D1BC000C7CEBE /* PdefTests.xctest */ = {isa = PBXFileReference; explicitFileType = wrapper.cfbundle; includeInIndex = 0; path = PdefTests.xctest; sourceTree = BUILT_PRODUCTS_DIR; };
		2CDC3298183D1BC000C7CEBE /* PdefObjcTests-Info.plist */ = {isa = PBXFileReference; lastKnownFileType = text.plist.xml; path = "PdefObjcTests-Info.plist"; sourceTree = "<group>"; };
		2CDC329A183D1BC000C7CEBE /* en */ = {isa = PBXFileReference; lastKnownFileType = text.plist.strings; name = en; path = en.lproj/InfoPlist.strings; sourceTree = "<group>"; };
		2CDC329E183D1BC000C7CEBE /* PdefObjcTests-Prefix.pch */ = {isa = PBXFileReference; lastKnownFileType = sourcecode.c.h; path = "PdefObjcTests-Prefix.pch"; sourceTree = "<group>"; };
		2CDC32A4183D1BD100C7CEBE /* PDDescriptorsTests.m */ = {isa = PBXFileReference; fileEncoding = 4; lastKnownFileType = sourcecode.c.objc; path = PDDescriptorsTests.m; sourceTree = "<group>"; };
		2CDC32AA183D1D5800C7CEBE /* PDGeneratedGescriptorsTests.m */ = {isa = PBXFileReference; fileEncoding = 4; lastKnownFileType = sourcecode.c.objc; path = PDGeneratedGescriptorsTests.m; sourceTree = "<group>"; };
		318213E8278002BF00C549D4 /* PDInvocationTests.m */ = {isa = PBXFileReference; fileEncoding = 4; lastKnownFileType = sourcecode.c.objc; path = PDInvocationTests.m; sourceTree = "<group>"; };
		3182140773F57D2026D2205C /* PDInvocation.h */ = {isa = PBXFileReference; fileEncoding = 4; lastKnownFileType = sourcecode.c.h; path = PDInvocation.h; sourceTree = "<group>"; };
		3182160D52DE7B1E1B4301F7 /* PDInterface.h */ = {isa = PBXFileReference; fileEncoding = 4; lastKnownFileType = sourcecode.c.h; path = PDInterface.h; sourceTree = "<group>"; };
		31821A999F0F543201E45CCC /* PDMessage.m */ = {isa = PBXFileReference; fileEncoding = 4; lastKnownFileType = sourcecode.c.objc; path = PDMessage.m; sourceTree = "<group>"; };
		31821BBCF6670F2B448322CD /* PDGeneratedMessageTests.m */ = {isa = PBXFileReference; fileEncoding = 4; lastKnownFileType = sourcecode.c.objc; path = PDGeneratedMessageTests.m; sourceTree = "<group>"; };
		31821D2F97CBB2625E2463B2 /* PDInterface.m */ = {isa = PBXFileReference; fileEncoding = 4; lastKnownFileType = sourcecode.c.objc; path = PDInterface.m; sourceTree = "<group>"; };
		31821DB8BF9E84D48AFE3799 /* PDMessage.h */ = {isa = PBXFileReference; fileEncoding = 4; lastKnownFileType = sourcecode.c.h; path = PDMessage.h; sourceTree = "<group>"; };
		31821DE02C1067510CA7C5C0 /* PDef.h */ = {isa = PBXFileReference; fileEncoding = 4; lastKnownFileType = sourcecode.c.h; path = PDef.h; sourceTree = "<group>"; };
		31821E4EBECCCE6BACE51F9B /* PDInvocationHandler.h */ = {isa = PBXFileReference; fileEncoding = 4; lastKnownFileType = sourcecode.c.h; path = PDInvocationHandler.h; sourceTree = "<group>"; };
		31821F20AF2A3CC1668560CC /* PDInvocation.m */ = {isa = PBXFileReference; fileEncoding = 4; lastKnownFileType = sourcecode.c.objc; path = PDInvocation.m; sourceTree = "<group>"; };
/* End PBXFileReference section */

/* Begin PBXFrameworksBuildPhase section */
		2C2600EA183A503100198BFF /* Frameworks */ = {
			isa = PBXFrameworksBuildPhase;
			buildActionMask = 2147483647;
			files = (
				2C2600F2183A503100198BFF /* Cocoa.framework in Frameworks */,
			);
			runOnlyForDeploymentPostprocessing = 0;
		};
		2CDC3291183D1BC000C7CEBE /* Frameworks */ = {
			isa = PBXFrameworksBuildPhase;
			buildActionMask = 2147483647;
			files = (
				2CDC3295183D1BC000C7CEBE /* XCTest.framework in Frameworks */,
			);
			runOnlyForDeploymentPostprocessing = 0;
		};
/* End PBXFrameworksBuildPhase section */

/* Begin PBXGroup section */
		2C0B1C7A183DF3E300FE8990 /* PdefTestsGenerated */ = {
			isa = PBXGroup;
			children = (
				2C0B1C7B183DF3E300FE8990 /* Base.h */,
				2C0B1C7C183DF3E300FE8990 /* Base.m */,
				2C0B1C7E183DF3E300FE8990 /* MultiLevelSubtype.h */,
				2C0B1C7F183DF3E300FE8990 /* MultiLevelSubtype.m */,
				2C0B1C81183DF3E300FE8990 /* PolymorphicType.h */,
				2C0B1C82183DF3E300FE8990 /* PolymorphicType.m */,
				2C0B1C84183DF3E300FE8990 /* Subtype.h */,
				2C0B1C85183DF3E300FE8990 /* Subtype.m */,
				2C0B1C86183DF3E300FE8990 /* Subtype2.h */,
				2C0B1C87183DF3E300FE8990 /* Subtype2.m */,
				2C0B1C8A183DF3E300FE8990 /* TestComplexMessage.h */,
				2C0B1C8B183DF3E300FE8990 /* TestComplexMessage.m */,
				2C0B1C8D183DF3E300FE8990 /* TestEnum.h */,
				2C0B1C8E183DF3E300FE8990 /* TestEnum.m */,
				2C0B1C90183DF3E300FE8990 /* TestException.h */,
				2C0B1C91183DF3E300FE8990 /* TestException.m */,
				2C0B1C93183DF3E300FE8990 /* TestInterface.h */,
				2C0B1C94183DF3E300FE8990 /* TestInterface.m */,
				2C0B1C96183DF3E300FE8990 /* TestMessage.h */,
				2C0B1C97183DF3E300FE8990 /* TestMessage.m */,
			);
			path = PdefTestsGenerated;
			sourceTree = "<group>";
		};
		2C2600E4183A503100198BFF = {
			isa = PBXGroup;
			children = (
				2C0B1C7A183DF3E300FE8990 /* PdefTestsGenerated */,
				2C2600F7183A503100198BFF /* Pdef */,
				2CDC3296183D1BC000C7CEBE /* PdefTests */,
				2C2600F0183A503100198BFF /* Frameworks */,
				2CDC327C183D1A6700C7CEBE /* Products */,
			);
			sourceTree = "<group>";
		};
		2C2600F0183A503100198BFF /* Frameworks */ = {
			isa = PBXGroup;
			children = (
				2C2600F1183A503100198BFF /* Cocoa.framework */,
				2C260106183A503100198BFF /* XCTest.framework */,
				2C2600F3183A503100198BFF /* Other Frameworks */,
			);
			name = Frameworks;
			sourceTree = "<group>";
		};
		2C2600F3183A503100198BFF /* Other Frameworks */ = {
			isa = PBXGroup;
			children = (
				2C2600F4183A503100198BFF /* Foundation.framework */,
				2C2600F5183A503100198BFF /* CoreData.framework */,
				2C2600F6183A503100198BFF /* AppKit.framework */,
			);
			name = "Other Frameworks";
			sourceTree = "<group>";
		};
		2C2600F7183A503100198BFF /* Pdef */ = {
			isa = PBXGroup;
			children = (
				2C2600F8183A503100198BFF /* Supporting Files */,
				2C260125183A53E400198BFF /* PDDescriptors.h */,
				2C260126183A53E400198BFF /* PDDescriptors.m */,
				31821A999F0F543201E45CCC /* PDMessage.m */,
				31821DB8BF9E84D48AFE3799 /* PDMessage.h */,
				31821DE02C1067510CA7C5C0 /* PDef.h */,
				31821F20AF2A3CC1668560CC /* PDInvocation.m */,
				3182140773F57D2026D2205C /* PDInvocation.h */,
				31821E4EBECCCE6BACE51F9B /* PDInvocationHandler.h */,
				31821D2F97CBB2625E2463B2 /* PDInterface.m */,
				3182160D52DE7B1E1B4301F7 /* PDInterface.h */,
			);
			path = Pdef;
			sourceTree = "<group>";
		};
		2C2600F8183A503100198BFF /* Supporting Files */ = {
			isa = PBXGroup;
			children = (
				2C2600FA183A503100198BFF /* InfoPlist.strings */,
			);
			name = "Supporting Files";
			sourceTree = "<group>";
		};
		2CDC327C183D1A6700C7CEBE /* Products */ = {
			isa = PBXGroup;
			children = (
				2CDC3294183D1BC000C7CEBE /* PdefTests.xctest */,
			);
			name = Products;
			sourceTree = "<group>";
		};
		2CDC3296183D1BC000C7CEBE /* PdefTests */ = {
			isa = PBXGroup;
			children = (
				2CDC32AA183D1D5800C7CEBE /* PDGeneratedGescriptorsTests.m */,
				2CDC32A4183D1BD100C7CEBE /* PDDescriptorsTests.m */,
				2CDC3297183D1BC000C7CEBE /* Supporting Files */,
				318213E8278002BF00C549D4 /* PDInvocationTests.m */,
				2C7A3711183E4B1500A79538 /* PDInterfaceTests.m */,
				31821BBCF6670F2B448322CD /* PDGeneratedMessageTests.m */,
			);
			path = PdefTests;
			sourceTree = "<group>";
		};
		2CDC3297183D1BC000C7CEBE /* Supporting Files */ = {
			isa = PBXGroup;
			children = (
				2CDC3298183D1BC000C7CEBE /* PdefObjcTests-Info.plist */,
				2CDC3299183D1BC000C7CEBE /* InfoPlist.strings */,
				2CDC329E183D1BC000C7CEBE /* PdefObjcTests-Prefix.pch */,
			);
			name = "Supporting Files";
			sourceTree = "<group>";
		};
/* End PBXGroup section */

/* Begin PBXHeadersBuildPhase section */
		2C2600EB183A503100198BFF /* Headers */ = {
			isa = PBXHeadersBuildPhase;
			buildActionMask = 2147483647;
			files = (
				2C260127183A53E400198BFF /* PDDescriptors.h in Headers */,
				31821DDBE78ACC5D6886D19F /* PDMessage.h in Headers */,
				3182184EF5B9F248362B8A53 /* PDef.h in Headers */,
				3182133E3B6A2469276DD4E2 /* PDInvocation.h in Headers */,
				3182174F2C74FFB04A097F9A /* PDInvocationHandler.h in Headers */,
				318210BF423CF278DA2ADAB3 /* PDInterface.h in Headers */,
			);
			runOnlyForDeploymentPostprocessing = 0;
		};
/* End PBXHeadersBuildPhase section */

/* Begin PBXNativeTarget section */
		2C2600ED183A503100198BFF /* Pdef */ = {
			isa = PBXNativeTarget;
			buildConfigurationList = 2C260116183A503100198BFF /* Build configuration list for PBXNativeTarget "Pdef" */;
			buildPhases = (
				2C2600E9183A503100198BFF /* Sources */,
				2C2600EA183A503100198BFF /* Frameworks */,
				2C2600EB183A503100198BFF /* Headers */,
				2C2600EC183A503100198BFF /* Resources */,
			);
			buildRules = (
			);
			dependencies = (
			);
			name = Pdef;
			productName = PdefObjc;
			productType = "com.apple.product-type.framework";
		};
		2CDC3293183D1BC000C7CEBE /* PdefTests */ = {
			isa = PBXNativeTarget;
			buildConfigurationList = 2CDC32A1183D1BC000C7CEBE /* Build configuration list for PBXNativeTarget "PdefTests" */;
			buildPhases = (
				2CDC3290183D1BC000C7CEBE /* Sources */,
				2CDC3291183D1BC000C7CEBE /* Frameworks */,
				2CDC3292183D1BC000C7CEBE /* Resources */,
			);
			buildRules = (
			);
			dependencies = (
				2CDC32A0183D1BC000C7CEBE /* PBXTargetDependency */,
			);
			name = PdefTests;
			productName = PdefObjcTests;
			productReference = 2CDC3294183D1BC000C7CEBE /* PdefTests.xctest */;
			productType = "com.apple.product-type.bundle.unit-test";
		};
/* End PBXNativeTarget section */

/* Begin PBXProject section */
		2C2600E5183A503100198BFF /* Project object */ = {
			isa = PBXProject;
			attributes = {
				LastUpgradeCheck = 0500;
				ORGANIZATIONNAME = pdef;
				TargetAttributes = {
					2CDC3293183D1BC000C7CEBE = {
						TestTargetID = 2C2600ED183A503100198BFF /* Pdef */;
					};
				};
			};
			buildConfigurationList = 2C2600E8183A503100198BFF /* Build configuration list for PBXProject "Pdef" */;
			compatibilityVersion = "Xcode 3.2";
			developmentRegion = English;
			hasScannedForEncodings = 0;
			knownRegions = (
				en,
			);
			mainGroup = 2C2600E4183A503100198BFF;
			productRefGroup = 2CDC327C183D1A6700C7CEBE /* Products */;
			projectDirPath = "";
			projectRoot = "";
			targets = (
				2C2600ED183A503100198BFF /* Pdef */,
				2CDC3293183D1BC000C7CEBE /* PdefTests */,
			);
		};
/* End PBXProject section */

/* Begin PBXResourcesBuildPhase section */
		2C2600EC183A503100198BFF /* Resources */ = {
			isa = PBXResourcesBuildPhase;
			buildActionMask = 2147483647;
			files = (
				2C2600FC183A503100198BFF /* InfoPlist.strings in Resources */,
			);
			runOnlyForDeploymentPostprocessing = 0;
		};
		2CDC3292183D1BC000C7CEBE /* Resources */ = {
			isa = PBXResourcesBuildPhase;
			buildActionMask = 2147483647;
			files = (
				2CDC329B183D1BC000C7CEBE /* InfoPlist.strings in Resources */,
			);
			runOnlyForDeploymentPostprocessing = 0;
		};
/* End PBXResourcesBuildPhase section */

/* Begin PBXSourcesBuildPhase section */
		2C2600E9183A503100198BFF /* Sources */ = {
			isa = PBXSourcesBuildPhase;
			buildActionMask = 2147483647;
			files = (
				2C260128183A53E400198BFF /* PDDescriptors.m in Sources */,
				31821D1C6EC373B95848619A /* PDMessage.m in Sources */,
				31821559BEE106E85D076E2E /* PDInvocation.m in Sources */,
				31821412C9CCA7333247AB7D /* PDInterface.m in Sources */,
			);
			runOnlyForDeploymentPostprocessing = 0;
		};
		2CDC3290183D1BC000C7CEBE /* Sources */ = {
			isa = PBXSourcesBuildPhase;
			buildActionMask = 2147483647;
			files = (
				2C0B1C9C183DF3E300FE8990 /* Subtype.m in Sources */,
				2C0B1C9D183DF3E300FE8990 /* Subtype2.m in Sources */,
				2C0B1C99183DF3E300FE8990 /* Base.m in Sources */,
				2C0B1C9F183DF3E300FE8990 /* TestEnum.m in Sources */,
				2CDC32AB183D1D5800C7CEBE /* PDGeneratedGescriptorsTests.m in Sources */,
				2C0B1C9E183DF3E300FE8990 /* TestComplexMessage.m in Sources */,
				2C0B1CA1183DF3E300FE8990 /* TestInterface.m in Sources */,
				2CDC32A6183D1BD100C7CEBE /* PDDescriptorsTests.m in Sources */,
				2CDC32A8183D1D0600C7CEBE /* PDDescriptors.m in Sources */,
				2C7A3712183E4B1500A79538 /* PDInterfaceTests.m in Sources */,
				2C0B1C9B183DF3E300FE8990 /* PolymorphicType.m in Sources */,
				2C0B1CA0183DF3E300FE8990 /* TestException.m in Sources */,
				2CDC32A9183D1D0E00C7CEBE /* PDMessage.m in Sources */,
				2C0B1C9A183DF3E300FE8990 /* MultiLevelSubtype.m in Sources */,
				2C0B1CA2183DF3E300FE8990 /* TestMessage.m in Sources */,
				318213FC88C2C93D9A2E47D2 /* PDInvocationTests.m in Sources */,
				31821CF3AF6001850176F47B /* PDInvocation.m in Sources */,
				31821A94CC9AA5A943FA7698 /* PDInterface.m in Sources */,
				3182137D681AB7C8F90E4C2C /* PDGeneratedMessageTests.m in Sources */,
			);
			runOnlyForDeploymentPostprocessing = 0;
		};
/* End PBXSourcesBuildPhase section */

/* Begin PBXTargetDependency section */
		2CDC32A0183D1BC000C7CEBE /* PBXTargetDependency */ = {
			isa = PBXTargetDependency;
			target = 2C2600ED183A503100198BFF /* Pdef */;
			targetProxy = 2CDC329F183D1BC000C7CEBE /* PBXContainerItemProxy */;
		};
/* End PBXTargetDependency section */

/* Begin PBXVariantGroup section */
		2C2600FA183A503100198BFF /* InfoPlist.strings */ = {
			isa = PBXVariantGroup;
			children = (
				2C2600FB183A503100198BFF /* en */,
			);
			name = InfoPlist.strings;
			sourceTree = "<group>";
		};
		2CDC3299183D1BC000C7CEBE /* InfoPlist.strings */ = {
			isa = PBXVariantGroup;
			children = (
				2CDC329A183D1BC000C7CEBE /* en */,
			);
			name = InfoPlist.strings;
			sourceTree = "<group>";
		};
/* End PBXVariantGroup section */

/* Begin XCBuildConfiguration section */
		2C260114183A503100198BFF /* Debug */ = {
			isa = XCBuildConfiguration;
			buildSettings = {
				ALWAYS_SEARCH_USER_PATHS = NO;
				CLANG_CXX_LANGUAGE_STANDARD = "gnu++0x";
				CLANG_CXX_LIBRARY = "libc++";
				CLANG_ENABLE_OBJC_ARC = YES;
				CLANG_WARN_BOOL_CONVERSION = YES;
				CLANG_WARN_CONSTANT_CONVERSION = YES;
				CLANG_WARN_DIRECT_OBJC_ISA_USAGE = YES_ERROR;
				CLANG_WARN_EMPTY_BODY = YES;
				CLANG_WARN_ENUM_CONVERSION = YES;
				CLANG_WARN_INT_CONVERSION = YES;
				CLANG_WARN_OBJC_ROOT_CLASS = YES_ERROR;
				CLANG_WARN__DUPLICATE_METHOD_MATCH = YES;
				COPY_PHASE_STRIP = NO;
				GCC_C_LANGUAGE_STANDARD = gnu99;
				GCC_DYNAMIC_NO_PIC = NO;
				GCC_ENABLE_OBJC_EXCEPTIONS = YES;
				GCC_OPTIMIZATION_LEVEL = 0;
				GCC_PREPROCESSOR_DEFINITIONS = (
					"DEBUG=1",
					"$(inherited)",
				);
				GCC_SYMBOLS_PRIVATE_EXTERN = NO;
				GCC_WARN_64_TO_32_BIT_CONVERSION = YES;
				GCC_WARN_ABOUT_RETURN_TYPE = YES_ERROR;
				GCC_WARN_UNDECLARED_SELECTOR = YES;
				GCC_WARN_UNINITIALIZED_AUTOS = YES;
				GCC_WARN_UNUSED_FUNCTION = YES;
				GCC_WARN_UNUSED_VARIABLE = YES;
				MACOSX_DEPLOYMENT_TARGET = 10.9;
				ONLY_ACTIVE_ARCH = YES;
				SDKROOT = macosx;
			};
			name = Debug;
		};
		2C260115183A503100198BFF /* Release */ = {
			isa = XCBuildConfiguration;
			buildSettings = {
				ALWAYS_SEARCH_USER_PATHS = NO;
				CLANG_CXX_LANGUAGE_STANDARD = "gnu++0x";
				CLANG_CXX_LIBRARY = "libc++";
				CLANG_ENABLE_OBJC_ARC = YES;
				CLANG_WARN_BOOL_CONVERSION = YES;
				CLANG_WARN_CONSTANT_CONVERSION = YES;
				CLANG_WARN_DIRECT_OBJC_ISA_USAGE = YES_ERROR;
				CLANG_WARN_EMPTY_BODY = YES;
				CLANG_WARN_ENUM_CONVERSION = YES;
				CLANG_WARN_INT_CONVERSION = YES;
				CLANG_WARN_OBJC_ROOT_CLASS = YES_ERROR;
				CLANG_WARN__DUPLICATE_METHOD_MATCH = YES;
				COPY_PHASE_STRIP = YES;
				DEBUG_INFORMATION_FORMAT = "dwarf-with-dsym";
				ENABLE_NS_ASSERTIONS = NO;
				GCC_C_LANGUAGE_STANDARD = gnu99;
				GCC_ENABLE_OBJC_EXCEPTIONS = YES;
				GCC_WARN_64_TO_32_BIT_CONVERSION = YES;
				GCC_WARN_ABOUT_RETURN_TYPE = YES_ERROR;
				GCC_WARN_UNDECLARED_SELECTOR = YES;
				GCC_WARN_UNINITIALIZED_AUTOS = YES;
				GCC_WARN_UNUSED_FUNCTION = YES;
				GCC_WARN_UNUSED_VARIABLE = YES;
				MACOSX_DEPLOYMENT_TARGET = 10.9;
				SDKROOT = macosx;
			};
			name = Release;
		};
		2C260117183A503100198BFF /* Debug */ = {
			isa = XCBuildConfiguration;
			buildSettings = {
				COMBINE_HIDPI_IMAGES = YES;
				DYLIB_COMPATIBILITY_VERSION = 1;
				DYLIB_CURRENT_VERSION = 1;
				FRAMEWORK_VERSION = A;
				GCC_PRECOMPILE_PREFIX_HEADER = YES;
				GCC_PREFIX_HEADER = "Pdef/Pdef-Prefix.pch";
				INFOPLIST_FILE = "Pdef/Pdef-Info.plist";
				PRODUCT_NAME = Pdef;
				WRAPPER_EXTENSION = framework;
			};
			name = Debug;
		};
		2C260118183A503100198BFF /* Release */ = {
			isa = XCBuildConfiguration;
			buildSettings = {
				COMBINE_HIDPI_IMAGES = YES;
				DYLIB_COMPATIBILITY_VERSION = 1;
				DYLIB_CURRENT_VERSION = 1;
				FRAMEWORK_VERSION = A;
				GCC_PRECOMPILE_PREFIX_HEADER = YES;
				GCC_PREFIX_HEADER = "Pdef/Pdef-Prefix.pch";
				INFOPLIST_FILE = "Pdef/Pdef-Info.plist";
				PRODUCT_NAME = Pdef;
				WRAPPER_EXTENSION = framework;
			};
			name = Release;
		};
		2CDC32A2183D1BC000C7CEBE /* Debug */ = {
			isa = XCBuildConfiguration;
			buildSettings = {
				COMBINE_HIDPI_IMAGES = YES;
				FRAMEWORK_SEARCH_PATHS = (
					"$(DEVELOPER_FRAMEWORKS_DIR)",
					"$(inherited)",
				);
				GCC_PRECOMPILE_PREFIX_HEADER = YES;
				GCC_PREFIX_HEADER = "PdefTests/PdefTests-Prefix.pch";
				GCC_PREPROCESSOR_DEFINITIONS = (
					"DEBUG=1",
					"$(inherited)",
				);
				INFOPLIST_FILE = "PdefTests/PdefTests-Info.plist";
				PRODUCT_NAME = PdefTests;
				WRAPPER_EXTENSION = xctest;
			};
			name = Debug;
		};
		2CDC32A3183D1BC000C7CEBE /* Release */ = {
			isa = XCBuildConfiguration;
			buildSettings = {
				COMBINE_HIDPI_IMAGES = YES;
				FRAMEWORK_SEARCH_PATHS = (
					"$(DEVELOPER_FRAMEWORKS_DIR)",
					"$(inherited)",
				);
				GCC_PRECOMPILE_PREFIX_HEADER = YES;
				GCC_PREFIX_HEADER = "PdefTests/PdefTests-Prefix.pch";
				INFOPLIST_FILE = "PdefTests/PdefTests-Info.plist";
				PRODUCT_NAME = PdefTests;
				WRAPPER_EXTENSION = xctest;
			};
			name = Release;
		};
/* End XCBuildConfiguration section */

/* Begin XCConfigurationList section */
		2C2600E8183A503100198BFF /* Build configuration list for PBXProject "Pdef" */ = {
			isa = XCConfigurationList;
			buildConfigurations = (
				2C260114183A503100198BFF /* Debug */,
				2C260115183A503100198BFF /* Release */,
			);
			defaultConfigurationIsVisible = 0;
			defaultConfigurationName = Release;
		};
		2C260116183A503100198BFF /* Build configuration list for PBXNativeTarget "Pdef" */ = {
			isa = XCConfigurationList;
			buildConfigurations = (
				2C260117183A503100198BFF /* Debug */,
				2C260118183A503100198BFF /* Release */,
			);
			defaultConfigurationIsVisible = 0;
			defaultConfigurationName = Release;
		};
		2CDC32A1183D1BC000C7CEBE /* Build configuration list for PBXNativeTarget "PdefTests" */ = {
			isa = XCConfigurationList;
			buildConfigurations = (
				2CDC32A2183D1BC000C7CEBE /* Debug */,
				2CDC32A3183D1BC000C7CEBE /* Release */,
			);
			defaultConfigurationIsVisible = 0;
			defaultConfigurationName = Release;
		};
/* End XCConfigurationList section */
	};
	rootObject = 2C2600E5183A503100198BFF /* Project object */;
}
